// !$*UTF8*$!
{
	archiveVersion = 1;
	classes = {
	};
	objectVersion = 51;
	objects = {

/* Begin PBXBuildFile section */
		4DD57F9450A14DD3DD0131D4 /* Pods_MycomaniaV2Tests.framework in Frameworks */ = {isa = PBXBuildFile; fileRef = C694ED36C0E308D54EF6E33C /* Pods_MycomaniaV2Tests.framework */; };
		7467D9E08BB7B5F215796FDA /* Pods_MycomaniaV2.framework in Frameworks */ = {isa = PBXBuildFile; fileRef = 4CE0949A9E281939CAA431AE /* Pods_MycomaniaV2.framework */; };
		800081F12461116700D0F0E1 /* ViewController+Extension.swift in Sources */ = {isa = PBXBuildFile; fileRef = 800081F02461116700D0F0E1 /* ViewController+Extension.swift */; };
		800081F524611A5900D0F0E1 /* MapView.swift in Sources */ = {isa = PBXBuildFile; fileRef = 800081F424611A5900D0F0E1 /* MapView.swift */; };
		800081F724611A9500D0F0E1 /* FeedViewController.swift in Sources */ = {isa = PBXBuildFile; fileRef = 800081F624611A9500D0F0E1 /* FeedViewController.swift */; };
		800081F924611B3500D0F0E1 /* ProfileViewController.swift in Sources */ = {isa = PBXBuildFile; fileRef = 800081F824611B3500D0F0E1 /* ProfileViewController.swift */; };
		800081FB24611E2200D0F0E1 /* DetailViewController.swift in Sources */ = {isa = PBXBuildFile; fileRef = 800081FA24611E2200D0F0E1 /* DetailViewController.swift */; };
		800081FD24611E4700D0F0E1 /* FeedView.swift in Sources */ = {isa = PBXBuildFile; fileRef = 800081FC24611E4700D0F0E1 /* FeedView.swift */; };
		800081FF24611F7B00D0F0E1 /* CreateShroomController.swift in Sources */ = {isa = PBXBuildFile; fileRef = 800081FE24611F7B00D0F0E1 /* CreateShroomController.swift */; };
		8000820124611FA600D0F0E1 /* User.swift in Sources */ = {isa = PBXBuildFile; fileRef = 8000820024611FA600D0F0E1 /* User.swift */; };
		8000820324611FAC00D0F0E1 /* Shroom.swift in Sources */ = {isa = PBXBuildFile; fileRef = 8000820224611FAC00D0F0E1 /* Shroom.swift */; };
		800429EA245BA87A0097ED4C /* LoginViewController.swift in Sources */ = {isa = PBXBuildFile; fileRef = 800429E9245BA87A0097ED4C /* LoginViewController.swift */; };
		8008AECC243D7B36003A1479 /* AppDelegate.swift in Sources */ = {isa = PBXBuildFile; fileRef = 8008AECB243D7B36003A1479 /* AppDelegate.swift */; };
		8008AECE243D7B36003A1479 /* SceneDelegate.swift in Sources */ = {isa = PBXBuildFile; fileRef = 8008AECD243D7B36003A1479 /* SceneDelegate.swift */; };
		8008AED0243D7B36003A1479 /* MapViewController.swift in Sources */ = {isa = PBXBuildFile; fileRef = 8008AECF243D7B36003A1479 /* MapViewController.swift */; };
		8008AED3243D7B36003A1479 /* Main.storyboard in Resources */ = {isa = PBXBuildFile; fileRef = 8008AED1243D7B36003A1479 /* Main.storyboard */; };
		8008AED5243D7B37003A1479 /* Assets.xcassets in Resources */ = {isa = PBXBuildFile; fileRef = 8008AED4243D7B37003A1479 /* Assets.xcassets */; };
		8008AED8243D7B37003A1479 /* LaunchScreen.storyboard in Resources */ = {isa = PBXBuildFile; fileRef = 8008AED6243D7B37003A1479 /* LaunchScreen.storyboard */; };
		8008AEE3243D7B37003A1479 /* MycomaniaV2Tests.swift in Sources */ = {isa = PBXBuildFile; fileRef = 8008AEE2243D7B37003A1479 /* MycomaniaV2Tests.swift */; };
		8008AEF0243D7EAA003A1479 /* LoginView.storyboard in Resources */ = {isa = PBXBuildFile; fileRef = 8008AEEF243D7EAA003A1479 /* LoginView.storyboard */; };
		80296B6F245A72EC00C952B5 /* DatabaseService.swift in Sources */ = {isa = PBXBuildFile; fileRef = 80296B6E245A72EC00C952B5 /* DatabaseService.swift */; };
		80296B72245A733400C952B5 /* AuthSession.swift in Sources */ = {isa = PBXBuildFile; fileRef = 80296B71245A733400C952B5 /* AuthSession.swift */; };
		80296B74245A742C00C952B5 /* CoreLocationManager.swift in Sources */ = {isa = PBXBuildFile; fileRef = 80296B73245A742C00C952B5 /* CoreLocationManager.swift */; };
		80296B76245A786100C952B5 /* TabBarViewController.swift in Sources */ = {isa = PBXBuildFile; fileRef = 80296B75245A786100C952B5 /* TabBarViewController.swift */; };
		802B54D6245B1A6E00E9D465 /* GoogleService-Info.plist in Resources */ = {isa = PBXBuildFile; fileRef = 802B54D5245B1A6E00E9D465 /* GoogleService-Info.plist */; };
		80AE54E3245BD438005E58B7 /* Designable.swift in Sources */ = {isa = PBXBuildFile; fileRef = 80AE54E2245BD438005E58B7 /* Designable.swift */; };
/* End PBXBuildFile section */

/* Begin PBXContainerItemProxy section */
		8008AEDF243D7B37003A1479 /* PBXContainerItemProxy */ = {
			isa = PBXContainerItemProxy;
			containerPortal = 8008AEC0243D7B36003A1479 /* Project object */;
			proxyType = 1;
			remoteGlobalIDString = 8008AEC7243D7B36003A1479;
			remoteInfo = MycomaniaV2;
		};
/* End PBXContainerItemProxy section */

/* Begin PBXFileReference section */
		2E719D2135475E91B15CAEBC /* Pods-MycomaniaV2.debug.xcconfig */ = {isa = PBXFileReference; includeInIndex = 1; lastKnownFileType = text.xcconfig; name = "Pods-MycomaniaV2.debug.xcconfig"; path = "Target Support Files/Pods-MycomaniaV2/Pods-MycomaniaV2.debug.xcconfig"; sourceTree = "<group>"; };
		4CE0949A9E281939CAA431AE /* Pods_MycomaniaV2.framework */ = {isa = PBXFileReference; explicitFileType = wrapper.framework; includeInIndex = 0; path = Pods_MycomaniaV2.framework; sourceTree = BUILT_PRODUCTS_DIR; };
		800081F02461116700D0F0E1 /* ViewController+Extension.swift */ = {isa = PBXFileReference; lastKnownFileType = sourcecode.swift; path = "ViewController+Extension.swift"; sourceTree = "<group>"; };
		800081F424611A5900D0F0E1 /* MapView.swift */ = {isa = PBXFileReference; lastKnownFileType = sourcecode.swift; path = MapView.swift; sourceTree = "<group>"; };
		800081F624611A9500D0F0E1 /* FeedViewController.swift */ = {isa = PBXFileReference; lastKnownFileType = sourcecode.swift; path = FeedViewController.swift; sourceTree = "<group>"; };
		800081F824611B3500D0F0E1 /* ProfileViewController.swift */ = {isa = PBXFileReference; lastKnownFileType = sourcecode.swift; path = ProfileViewController.swift; sourceTree = "<group>"; };
		800081FA24611E2200D0F0E1 /* DetailViewController.swift */ = {isa = PBXFileReference; lastKnownFileType = sourcecode.swift; path = DetailViewController.swift; sourceTree = "<group>"; };
		800081FC24611E4700D0F0E1 /* FeedView.swift */ = {isa = PBXFileReference; lastKnownFileType = sourcecode.swift; path = FeedView.swift; sourceTree = "<group>"; };
		800081FE24611F7B00D0F0E1 /* CreateShroomController.swift */ = {isa = PBXFileReference; lastKnownFileType = sourcecode.swift; path = CreateShroomController.swift; sourceTree = "<group>"; };
		8000820024611FA600D0F0E1 /* User.swift */ = {isa = PBXFileReference; lastKnownFileType = sourcecode.swift; path = User.swift; sourceTree = "<group>"; };
		8000820224611FAC00D0F0E1 /* Shroom.swift */ = {isa = PBXFileReference; lastKnownFileType = sourcecode.swift; path = Shroom.swift; sourceTree = "<group>"; };
		800429E9245BA87A0097ED4C /* LoginViewController.swift */ = {isa = PBXFileReference; lastKnownFileType = sourcecode.swift; path = LoginViewController.swift; sourceTree = "<group>"; };
		8008AEC8243D7B36003A1479 /* MycomaniaV2.app */ = {isa = PBXFileReference; explicitFileType = wrapper.application; includeInIndex = 0; path = MycomaniaV2.app; sourceTree = BUILT_PRODUCTS_DIR; };
		8008AECB243D7B36003A1479 /* AppDelegate.swift */ = {isa = PBXFileReference; lastKnownFileType = sourcecode.swift; path = AppDelegate.swift; sourceTree = "<group>"; };
		8008AECD243D7B36003A1479 /* SceneDelegate.swift */ = {isa = PBXFileReference; lastKnownFileType = sourcecode.swift; path = SceneDelegate.swift; sourceTree = "<group>"; };
		8008AECF243D7B36003A1479 /* MapViewController.swift */ = {isa = PBXFileReference; lastKnownFileType = sourcecode.swift; path = MapViewController.swift; sourceTree = "<group>"; };
		8008AED2243D7B36003A1479 /* Base */ = {isa = PBXFileReference; lastKnownFileType = file.storyboard; name = Base; path = Base.lproj/Main.storyboard; sourceTree = "<group>"; };
		8008AED4243D7B37003A1479 /* Assets.xcassets */ = {isa = PBXFileReference; lastKnownFileType = folder.assetcatalog; path = Assets.xcassets; sourceTree = "<group>"; };
		8008AED7243D7B37003A1479 /* Base */ = {isa = PBXFileReference; lastKnownFileType = file.storyboard; name = Base; path = Base.lproj/LaunchScreen.storyboard; sourceTree = "<group>"; };
		8008AED9243D7B37003A1479 /* Info.plist */ = {isa = PBXFileReference; lastKnownFileType = text.plist.xml; path = Info.plist; sourceTree = "<group>"; };
		8008AEDE243D7B37003A1479 /* MycomaniaV2Tests.xctest */ = {isa = PBXFileReference; explicitFileType = wrapper.cfbundle; includeInIndex = 0; path = MycomaniaV2Tests.xctest; sourceTree = BUILT_PRODUCTS_DIR; };
		8008AEE2243D7B37003A1479 /* MycomaniaV2Tests.swift */ = {isa = PBXFileReference; lastKnownFileType = sourcecode.swift; path = MycomaniaV2Tests.swift; sourceTree = "<group>"; };
		8008AEE4243D7B37003A1479 /* Info.plist */ = {isa = PBXFileReference; lastKnownFileType = text.plist.xml; path = Info.plist; sourceTree = "<group>"; };
		8008AEEF243D7EAA003A1479 /* LoginView.storyboard */ = {isa = PBXFileReference; lastKnownFileType = file.storyboard; path = LoginView.storyboard; sourceTree = "<group>"; };
		80296B6E245A72EC00C952B5 /* DatabaseService.swift */ = {isa = PBXFileReference; lastKnownFileType = sourcecode.swift; path = DatabaseService.swift; sourceTree = "<group>"; };
		80296B71245A733400C952B5 /* AuthSession.swift */ = {isa = PBXFileReference; lastKnownFileType = sourcecode.swift; path = AuthSession.swift; sourceTree = "<group>"; };
		80296B73245A742C00C952B5 /* CoreLocationManager.swift */ = {isa = PBXFileReference; lastKnownFileType = sourcecode.swift; path = CoreLocationManager.swift; sourceTree = "<group>"; };
		80296B75245A786100C952B5 /* TabBarViewController.swift */ = {isa = PBXFileReference; lastKnownFileType = sourcecode.swift; path = TabBarViewController.swift; sourceTree = "<group>"; };
		802B54D5245B1A6E00E9D465 /* GoogleService-Info.plist */ = {isa = PBXFileReference; lastKnownFileType = text.plist.xml; path = "GoogleService-Info.plist"; sourceTree = "<group>"; };
		80AE54E2245BD438005E58B7 /* Designable.swift */ = {isa = PBXFileReference; lastKnownFileType = sourcecode.swift; path = Designable.swift; sourceTree = "<group>"; };
		95B8A25214DCAA99F5687D82 /* Pods-MycomaniaV2Tests.release.xcconfig */ = {isa = PBXFileReference; includeInIndex = 1; lastKnownFileType = text.xcconfig; name = "Pods-MycomaniaV2Tests.release.xcconfig"; path = "Target Support Files/Pods-MycomaniaV2Tests/Pods-MycomaniaV2Tests.release.xcconfig"; sourceTree = "<group>"; };
		C694ED36C0E308D54EF6E33C /* Pods_MycomaniaV2Tests.framework */ = {isa = PBXFileReference; explicitFileType = wrapper.framework; includeInIndex = 0; path = Pods_MycomaniaV2Tests.framework; sourceTree = BUILT_PRODUCTS_DIR; };
		E711414CAE64E63764587826 /* Pods-MycomaniaV2Tests.debug.xcconfig */ = {isa = PBXFileReference; includeInIndex = 1; lastKnownFileType = text.xcconfig; name = "Pods-MycomaniaV2Tests.debug.xcconfig"; path = "Target Support Files/Pods-MycomaniaV2Tests/Pods-MycomaniaV2Tests.debug.xcconfig"; sourceTree = "<group>"; };
		F8CE23F1AC9605BA63E870E0 /* Pods-MycomaniaV2.release.xcconfig */ = {isa = PBXFileReference; includeInIndex = 1; lastKnownFileType = text.xcconfig; name = "Pods-MycomaniaV2.release.xcconfig"; path = "Target Support Files/Pods-MycomaniaV2/Pods-MycomaniaV2.release.xcconfig"; sourceTree = "<group>"; };
/* End PBXFileReference section */

/* Begin PBXFrameworksBuildPhase section */
		8008AEC5243D7B36003A1479 /* Frameworks */ = {
			isa = PBXFrameworksBuildPhase;
			buildActionMask = 2147483647;
			files = (
				7467D9E08BB7B5F215796FDA /* Pods_MycomaniaV2.framework in Frameworks */,
			);
			runOnlyForDeploymentPostprocessing = 0;
		};
		8008AEDB243D7B37003A1479 /* Frameworks */ = {
			isa = PBXFrameworksBuildPhase;
			buildActionMask = 2147483647;
			files = (
				4DD57F9450A14DD3DD0131D4 /* Pods_MycomaniaV2Tests.framework in Frameworks */,
			);
			runOnlyForDeploymentPostprocessing = 0;
		};
/* End PBXFrameworksBuildPhase section */

/* Begin PBXGroup section */
		337F0A558C2674109A6A8FB6 /* Frameworks */ = {
			isa = PBXGroup;
			children = (
				4CE0949A9E281939CAA431AE /* Pods_MycomaniaV2.framework */,
				C694ED36C0E308D54EF6E33C /* Pods_MycomaniaV2Tests.framework */,
			);
			name = Frameworks;
			sourceTree = "<group>";
		};
		800081EF2461105700D0F0E1 /* Extensions */ = {
			isa = PBXGroup;
			children = (
				80AE54E2245BD438005E58B7 /* Designable.swift */,
				800081F02461116700D0F0E1 /* ViewController+Extension.swift */,
			);
			path = Extensions;
			sourceTree = "<group>";
		};
		800081F324611A3F00D0F0E1 /* Views */ = {
			isa = PBXGroup;
			children = (
				800081F424611A5900D0F0E1 /* MapView.swift */,
				800081FC24611E4700D0F0E1 /* FeedView.swift */,
			);
			path = Views;
			sourceTree = "<group>";
		};
		8008AEBF243D7B36003A1479 = {
			isa = PBXGroup;
			children = (
				8008AECA243D7B36003A1479 /* MycomaniaV2 */,
				8008AEE1243D7B37003A1479 /* MycomaniaV2Tests */,
				8008AEC9243D7B36003A1479 /* Products */,
				B1BB78CF3F534E2221A51693 /* Pods */,
				337F0A558C2674109A6A8FB6 /* Frameworks */,
			);
			sourceTree = "<group>";
		};
		8008AEC9243D7B36003A1479 /* Products */ = {
			isa = PBXGroup;
			children = (
				8008AEC8243D7B36003A1479 /* MycomaniaV2.app */,
				8008AEDE243D7B37003A1479 /* MycomaniaV2Tests.xctest */,
			);
			name = Products;
			sourceTree = "<group>";
		};
		8008AECA243D7B36003A1479 /* MycomaniaV2 */ = {
			isa = PBXGroup;
			children = (
				800081F324611A3F00D0F0E1 /* Views */,
				8008AEF6243D7FDC003A1479 /* API Clients + Models */,
				8008AEF5243D7FC4003A1479 /* Views + Cells */,
				8008AECB243D7B36003A1479 /* AppDelegate.swift */,
				8008AECD243D7B36003A1479 /* SceneDelegate.swift */,
				8008AEF3243D7F77003A1479 /* Storyboards */,
				8008AEF4243D7F9C003A1479 /* View Controllers */,
				8008AED4243D7B37003A1479 /* Assets.xcassets */,
				8008AED9243D7B37003A1479 /* Info.plist */,
				802B54D5245B1A6E00E9D465 /* GoogleService-Info.plist */,
				80296B70245A72F500C952B5 /* Services + Managers */,
				800081EF2461105700D0F0E1 /* Extensions */,
			);
			path = MycomaniaV2;
			sourceTree = "<group>";
		};
		8008AEE1243D7B37003A1479 /* MycomaniaV2Tests */ = {
			isa = PBXGroup;
			children = (
				8008AEE2243D7B37003A1479 /* MycomaniaV2Tests.swift */,
				8008AEE4243D7B37003A1479 /* Info.plist */,
			);
			path = MycomaniaV2Tests;
			sourceTree = "<group>";
		};
		8008AEF3243D7F77003A1479 /* Storyboards */ = {
			isa = PBXGroup;
			children = (
				8008AED1243D7B36003A1479 /* Main.storyboard */,
				8008AED6243D7B37003A1479 /* LaunchScreen.storyboard */,
				8008AEEF243D7EAA003A1479 /* LoginView.storyboard */,
			);
			path = Storyboards;
			sourceTree = "<group>";
		};
		8008AEF4243D7F9C003A1479 /* View Controllers */ = {
			isa = PBXGroup;
			children = (
				80296B75245A786100C952B5 /* TabBarViewController.swift */,
				800429E9245BA87A0097ED4C /* LoginViewController.swift */,
				8008AECF243D7B36003A1479 /* MapViewController.swift */,
				800081FE24611F7B00D0F0E1 /* CreateShroomController.swift */,
				800081F624611A9500D0F0E1 /* FeedViewController.swift */,
				800081FA24611E2200D0F0E1 /* DetailViewController.swift */,
				800081F824611B3500D0F0E1 /* ProfileViewController.swift */,
			);
			path = "View Controllers";
			sourceTree = "<group>";
		};
		8008AEF5243D7FC4003A1479 /* Views + Cells */ = {
			isa = PBXGroup;
			children = (
			);
			path = "Views + Cells";
			sourceTree = "<group>";
		};
		8008AEF6243D7FDC003A1479 /* API Clients + Models */ = {
			isa = PBXGroup;
			children = (
				8000820024611FA600D0F0E1 /* User.swift */,
				8000820224611FAC00D0F0E1 /* Shroom.swift */,
			);
			path = "API Clients + Models";
			sourceTree = "<group>";
		};
		80296B70245A72F500C952B5 /* Services + Managers */ = {
			isa = PBXGroup;
			children = (
				80296B71245A733400C952B5 /* AuthSession.swift */,
				80296B6E245A72EC00C952B5 /* DatabaseService.swift */,
				80296B73245A742C00C952B5 /* CoreLocationManager.swift */,
			);
			path = "Services + Managers";
			sourceTree = "<group>";
		};
		B1BB78CF3F534E2221A51693 /* Pods */ = {
			isa = PBXGroup;
			children = (
				2E719D2135475E91B15CAEBC /* Pods-MycomaniaV2.debug.xcconfig */,
				F8CE23F1AC9605BA63E870E0 /* Pods-MycomaniaV2.release.xcconfig */,
				E711414CAE64E63764587826 /* Pods-MycomaniaV2Tests.debug.xcconfig */,
				95B8A25214DCAA99F5687D82 /* Pods-MycomaniaV2Tests.release.xcconfig */,
			);
			path = Pods;
			sourceTree = "<group>";
		};
/* End PBXGroup section */

/* Begin PBXNativeTarget section */
		8008AEC7243D7B36003A1479 /* MycomaniaV2 */ = {
			isa = PBXNativeTarget;
			buildConfigurationList = 8008AEE7243D7B37003A1479 /* Build configuration list for PBXNativeTarget "MycomaniaV2" */;
			buildPhases = (
				DB13CA766BFC4EAB6F435D15 /* [CP] Check Pods Manifest.lock */,
				8008AEC4243D7B36003A1479 /* Sources */,
				8008AEC5243D7B36003A1479 /* Frameworks */,
				8008AEC6243D7B36003A1479 /* Resources */,
				ADB945A1A371897ACC1EF5DA /* [CP] Embed Pods Frameworks */,
			);
			buildRules = (
			);
			dependencies = (
			);
			name = MycomaniaV2;
			productName = MycomaniaV2;
			productReference = 8008AEC8243D7B36003A1479 /* MycomaniaV2.app */;
			productType = "com.apple.product-type.application";
		};
		8008AEDD243D7B37003A1479 /* MycomaniaV2Tests */ = {
			isa = PBXNativeTarget;
			buildConfigurationList = 8008AEEA243D7B37003A1479 /* Build configuration list for PBXNativeTarget "MycomaniaV2Tests" */;
			buildPhases = (
				26C326F7489686DEB552C2AD /* [CP] Check Pods Manifest.lock */,
				8008AEDA243D7B37003A1479 /* Sources */,
				8008AEDB243D7B37003A1479 /* Frameworks */,
				8008AEDC243D7B37003A1479 /* Resources */,
			);
			buildRules = (
			);
			dependencies = (
				8008AEE0243D7B37003A1479 /* PBXTargetDependency */,
			);
			name = MycomaniaV2Tests;
			productName = MycomaniaV2Tests;
			productReference = 8008AEDE243D7B37003A1479 /* MycomaniaV2Tests.xctest */;
			productType = "com.apple.product-type.bundle.unit-test";
		};
/* End PBXNativeTarget section */

/* Begin PBXProject section */
		8008AEC0243D7B36003A1479 /* Project object */ = {
			isa = PBXProject;
			attributes = {
				LastSwiftUpdateCheck = 1120;
				LastUpgradeCheck = 1120;
				ORGANIZATIONNAME = "Maitree Bain";
				TargetAttributes = {
					8008AEC7243D7B36003A1479 = {
						CreatedOnToolsVersion = 11.2.1;
					};
					8008AEDD243D7B37003A1479 = {
						CreatedOnToolsVersion = 11.2.1;
						TestTargetID = 8008AEC7243D7B36003A1479;
					};
				};
			};
			buildConfigurationList = 8008AEC3243D7B36003A1479 /* Build configuration list for PBXProject "MycomaniaV2" */;
			compatibilityVersion = "Xcode 9.3";
			developmentRegion = en;
			hasScannedForEncodings = 0;
			knownRegions = (
				en,
				Base,
			);
			mainGroup = 8008AEBF243D7B36003A1479;
			productRefGroup = 8008AEC9243D7B36003A1479 /* Products */;
			projectDirPath = "";
			projectRoot = "";
			targets = (
				8008AEC7243D7B36003A1479 /* MycomaniaV2 */,
				8008AEDD243D7B37003A1479 /* MycomaniaV2Tests */,
			);
		};
/* End PBXProject section */

/* Begin PBXResourcesBuildPhase section */
		8008AEC6243D7B36003A1479 /* Resources */ = {
			isa = PBXResourcesBuildPhase;
			buildActionMask = 2147483647;
			files = (
				8008AED8243D7B37003A1479 /* LaunchScreen.storyboard in Resources */,
				8008AED5243D7B37003A1479 /* Assets.xcassets in Resources */,
				802B54D6245B1A6E00E9D465 /* GoogleService-Info.plist in Resources */,
				8008AED3243D7B36003A1479 /* Main.storyboard in Resources */,
				8008AEF0243D7EAA003A1479 /* LoginView.storyboard in Resources */,
			);
			runOnlyForDeploymentPostprocessing = 0;
		};
		8008AEDC243D7B37003A1479 /* Resources */ = {
			isa = PBXResourcesBuildPhase;
			buildActionMask = 2147483647;
			files = (
			);
			runOnlyForDeploymentPostprocessing = 0;
		};
/* End PBXResourcesBuildPhase section */

/* Begin PBXShellScriptBuildPhase section */
		26C326F7489686DEB552C2AD /* [CP] Check Pods Manifest.lock */ = {
			isa = PBXShellScriptBuildPhase;
			buildActionMask = 2147483647;
			files = (
			);
			inputFileListPaths = (
			);
			inputPaths = (
				"${PODS_PODFILE_DIR_PATH}/Podfile.lock",
				"${PODS_ROOT}/Manifest.lock",
			);
			name = "[CP] Check Pods Manifest.lock";
			outputFileListPaths = (
			);
			outputPaths = (
				"$(DERIVED_FILE_DIR)/Pods-MycomaniaV2Tests-checkManifestLockResult.txt",
			);
			runOnlyForDeploymentPostprocessing = 0;
			shellPath = /bin/sh;
			shellScript = "diff \"${PODS_PODFILE_DIR_PATH}/Podfile.lock\" \"${PODS_ROOT}/Manifest.lock\" > /dev/null\nif [ $? != 0 ] ; then\n    # print error to STDERR\n    echo \"error: The sandbox is not in sync with the Podfile.lock. Run 'pod install' or update your CocoaPods installation.\" >&2\n    exit 1\nfi\n# This output is used by Xcode 'outputs' to avoid re-running this script phase.\necho \"SUCCESS\" > \"${SCRIPT_OUTPUT_FILE_0}\"\n";
			showEnvVarsInLog = 0;
		};
		ADB945A1A371897ACC1EF5DA /* [CP] Embed Pods Frameworks */ = {
			isa = PBXShellScriptBuildPhase;
			buildActionMask = 2147483647;
			files = (
			);
			inputFileListPaths = (
				"${PODS_ROOT}/Target Support Files/Pods-MycomaniaV2/Pods-MycomaniaV2-frameworks-${CONFIGURATION}-input-files.xcfilelist",
			);
			name = "[CP] Embed Pods Frameworks";
			outputFileListPaths = (
				"${PODS_ROOT}/Target Support Files/Pods-MycomaniaV2/Pods-MycomaniaV2-frameworks-${CONFIGURATION}-output-files.xcfilelist",
			);
			runOnlyForDeploymentPostprocessing = 0;
			shellPath = /bin/sh;
			shellScript = "\"${PODS_ROOT}/Target Support Files/Pods-MycomaniaV2/Pods-MycomaniaV2-frameworks.sh\"\n";
			showEnvVarsInLog = 0;
		};
		DB13CA766BFC4EAB6F435D15 /* [CP] Check Pods Manifest.lock */ = {
			isa = PBXShellScriptBuildPhase;
			buildActionMask = 2147483647;
			files = (
			);
			inputFileListPaths = (
			);
			inputPaths = (
				"${PODS_PODFILE_DIR_PATH}/Podfile.lock",
				"${PODS_ROOT}/Manifest.lock",
			);
			name = "[CP] Check Pods Manifest.lock";
			outputFileListPaths = (
			);
			outputPaths = (
				"$(DERIVED_FILE_DIR)/Pods-MycomaniaV2-checkManifestLockResult.txt",
			);
			runOnlyForDeploymentPostprocessing = 0;
			shellPath = /bin/sh;
			shellScript = "diff \"${PODS_PODFILE_DIR_PATH}/Podfile.lock\" \"${PODS_ROOT}/Manifest.lock\" > /dev/null\nif [ $? != 0 ] ; then\n    # print error to STDERR\n    echo \"error: The sandbox is not in sync with the Podfile.lock. Run 'pod install' or update your CocoaPods installation.\" >&2\n    exit 1\nfi\n# This output is used by Xcode 'outputs' to avoid re-running this script phase.\necho \"SUCCESS\" > \"${SCRIPT_OUTPUT_FILE_0}\"\n";
			showEnvVarsInLog = 0;
		};
/* End PBXShellScriptBuildPhase section */

/* Begin PBXSourcesBuildPhase section */
		8008AEC4243D7B36003A1479 /* Sources */ = {
			isa = PBXSourcesBuildPhase;
			buildActionMask = 2147483647;
			files = (
				8008AED0243D7B36003A1479 /* MapViewController.swift in Sources */,
				8000820324611FAC00D0F0E1 /* Shroom.swift in Sources */,
				8008AECC243D7B36003A1479 /* AppDelegate.swift in Sources */,
				80AE54E3245BD438005E58B7 /* Designable.swift in Sources */,
				800081F524611A5900D0F0E1 /* MapView.swift in Sources */,
				80296B72245A733400C952B5 /* AuthSession.swift in Sources */,
				80296B6F245A72EC00C952B5 /* DatabaseService.swift in Sources */,
				800429EA245BA87A0097ED4C /* LoginViewController.swift in Sources */,
				8000820124611FA600D0F0E1 /* User.swift in Sources */,
				800081FF24611F7B00D0F0E1 /* CreateShroomController.swift in Sources */,
				80296B76245A786100C952B5 /* TabBarViewController.swift in Sources */,
				8008AECE243D7B36003A1479 /* SceneDelegate.swift in Sources */,
				800081F12461116700D0F0E1 /* ViewController+Extension.swift in Sources */,
				800081FD24611E4700D0F0E1 /* FeedView.swift in Sources */,
				800081F924611B3500D0F0E1 /* ProfileViewController.swift in Sources */,
				800081F724611A9500D0F0E1 /* FeedViewController.swift in Sources */,
				80296B74245A742C00C952B5 /* CoreLocationManager.swift in Sources */,
				800081FB24611E2200D0F0E1 /* DetailViewController.swift in Sources */,
			);
			runOnlyForDeploymentPostprocessing = 0;
		};
		8008AEDA243D7B37003A1479 /* Sources */ = {
			isa = PBXSourcesBuildPhase;
			buildActionMask = 2147483647;
			files = (
				8008AEE3243D7B37003A1479 /* MycomaniaV2Tests.swift in Sources */,
			);
			runOnlyForDeploymentPostprocessing = 0;
		};
/* End PBXSourcesBuildPhase section */

/* Begin PBXTargetDependency section */
		8008AEE0243D7B37003A1479 /* PBXTargetDependency */ = {
			isa = PBXTargetDependency;
			target = 8008AEC7243D7B36003A1479 /* MycomaniaV2 */;
			targetProxy = 8008AEDF243D7B37003A1479 /* PBXContainerItemProxy */;
		};
/* End PBXTargetDependency section */

/* Begin PBXVariantGroup section */
		8008AED1243D7B36003A1479 /* Main.storyboard */ = {
			isa = PBXVariantGroup;
			children = (
				8008AED2243D7B36003A1479 /* Base */,
			);
			name = Main.storyboard;
			sourceTree = "<group>";
		};
		8008AED6243D7B37003A1479 /* LaunchScreen.storyboard */ = {
			isa = PBXVariantGroup;
			children = (
				8008AED7243D7B37003A1479 /* Base */,
			);
			name = LaunchScreen.storyboard;
			sourceTree = "<group>";
		};
/* End PBXVariantGroup section */

/* Begin XCBuildConfiguration section */
		8008AEE5243D7B37003A1479 /* Debug */ = {
			isa = XCBuildConfiguration;
			buildSettings = {
				ALWAYS_SEARCH_USER_PATHS = NO;
				CLANG_ANALYZER_NONNULL = YES;
				CLANG_ANALYZER_NUMBER_OBJECT_CONVERSION = YES_AGGRESSIVE;
				CLANG_CXX_LANGUAGE_STANDARD = "gnu++14";
				CLANG_CXX_LIBRARY = "libc++";
				CLANG_ENABLE_MODULES = YES;
				CLANG_ENABLE_OBJC_ARC = YES;
				CLANG_ENABLE_OBJC_WEAK = YES;
				CLANG_WARN_BLOCK_CAPTURE_AUTORELEASING = YES;
				CLANG_WARN_BOOL_CONVERSION = YES;
				CLANG_WARN_COMMA = YES;
				CLANG_WARN_CONSTANT_CONVERSION = YES;
				CLANG_WARN_DEPRECATED_OBJC_IMPLEMENTATIONS = YES;
				CLANG_WARN_DIRECT_OBJC_ISA_USAGE = YES_ERROR;
				CLANG_WARN_DOCUMENTATION_COMMENTS = YES;
				CLANG_WARN_EMPTY_BODY = YES;
				CLANG_WARN_ENUM_CONVERSION = YES;
				CLANG_WARN_INFINITE_RECURSION = YES;
				CLANG_WARN_INT_CONVERSION = YES;
				CLANG_WARN_NON_LITERAL_NULL_CONVERSION = YES;
				CLANG_WARN_OBJC_IMPLICIT_RETAIN_SELF = YES;
				CLANG_WARN_OBJC_LITERAL_CONVERSION = YES;
				CLANG_WARN_OBJC_ROOT_CLASS = YES_ERROR;
				CLANG_WARN_RANGE_LOOP_ANALYSIS = YES;
				CLANG_WARN_STRICT_PROTOTYPES = YES;
				CLANG_WARN_SUSPICIOUS_MOVE = YES;
				CLANG_WARN_UNGUARDED_AVAILABILITY = YES_AGGRESSIVE;
				CLANG_WARN_UNREACHABLE_CODE = YES;
				CLANG_WARN__DUPLICATE_METHOD_MATCH = YES;
				COPY_PHASE_STRIP = NO;
				DEBUG_INFORMATION_FORMAT = dwarf;
				ENABLE_STRICT_OBJC_MSGSEND = YES;
				ENABLE_TESTABILITY = YES;
				GCC_C_LANGUAGE_STANDARD = gnu11;
				GCC_DYNAMIC_NO_PIC = NO;
				GCC_NO_COMMON_BLOCKS = YES;
				GCC_OPTIMIZATION_LEVEL = 0;
				GCC_PREPROCESSOR_DEFINITIONS = (
					"DEBUG=1",
					"$(inherited)",
				);
				GCC_WARN_64_TO_32_BIT_CONVERSION = YES;
				GCC_WARN_ABOUT_RETURN_TYPE = YES_ERROR;
				GCC_WARN_UNDECLARED_SELECTOR = YES;
				GCC_WARN_UNINITIALIZED_AUTOS = YES_AGGRESSIVE;
				GCC_WARN_UNUSED_FUNCTION = YES;
				GCC_WARN_UNUSED_VARIABLE = YES;
				IPHONEOS_DEPLOYMENT_TARGET = 13.2;
				MTL_ENABLE_DEBUG_INFO = INCLUDE_SOURCE;
				MTL_FAST_MATH = YES;
				ONLY_ACTIVE_ARCH = YES;
				SDKROOT = iphoneos;
				SWIFT_ACTIVE_COMPILATION_CONDITIONS = DEBUG;
				SWIFT_OPTIMIZATION_LEVEL = "-Onone";
			};
			name = Debug;
		};
		8008AEE6243D7B37003A1479 /* Release */ = {
			isa = XCBuildConfiguration;
			buildSettings = {
				ALWAYS_SEARCH_USER_PATHS = NO;
				CLANG_ANALYZER_NONNULL = YES;
				CLANG_ANALYZER_NUMBER_OBJECT_CONVERSION = YES_AGGRESSIVE;
				CLANG_CXX_LANGUAGE_STANDARD = "gnu++14";
				CLANG_CXX_LIBRARY = "libc++";
				CLANG_ENABLE_MODULES = YES;
				CLANG_ENABLE_OBJC_ARC = YES;
				CLANG_ENABLE_OBJC_WEAK = YES;
				CLANG_WARN_BLOCK_CAPTURE_AUTORELEASING = YES;
				CLANG_WARN_BOOL_CONVERSION = YES;
				CLANG_WARN_COMMA = YES;
				CLANG_WARN_CONSTANT_CONVERSION = YES;
				CLANG_WARN_DEPRECATED_OBJC_IMPLEMENTATIONS = YES;
				CLANG_WARN_DIRECT_OBJC_ISA_USAGE = YES_ERROR;
				CLANG_WARN_DOCUMENTATION_COMMENTS = YES;
				CLANG_WARN_EMPTY_BODY = YES;
				CLANG_WARN_ENUM_CONVERSION = YES;
				CLANG_WARN_INFINITE_RECURSION = YES;
				CLANG_WARN_INT_CONVERSION = YES;
				CLANG_WARN_NON_LITERAL_NULL_CONVERSION = YES;
				CLANG_WARN_OBJC_IMPLICIT_RETAIN_SELF = YES;
				CLANG_WARN_OBJC_LITERAL_CONVERSION = YES;
				CLANG_WARN_OBJC_ROOT_CLASS = YES_ERROR;
				CLANG_WARN_RANGE_LOOP_ANALYSIS = YES;
				CLANG_WARN_STRICT_PROTOTYPES = YES;
				CLANG_WARN_SUSPICIOUS_MOVE = YES;
				CLANG_WARN_UNGUARDED_AVAILABILITY = YES_AGGRESSIVE;
				CLANG_WARN_UNREACHABLE_CODE = YES;
				CLANG_WARN__DUPLICATE_METHOD_MATCH = YES;
				COPY_PHASE_STRIP = NO;
				DEBUG_INFORMATION_FORMAT = "dwarf-with-dsym";
				ENABLE_NS_ASSERTIONS = NO;
				ENABLE_STRICT_OBJC_MSGSEND = YES;
				GCC_C_LANGUAGE_STANDARD = gnu11;
				GCC_NO_COMMON_BLOCKS = YES;
				GCC_WARN_64_TO_32_BIT_CONVERSION = YES;
				GCC_WARN_ABOUT_RETURN_TYPE = YES_ERROR;
				GCC_WARN_UNDECLARED_SELECTOR = YES;
				GCC_WARN_UNINITIALIZED_AUTOS = YES_AGGRESSIVE;
				GCC_WARN_UNUSED_FUNCTION = YES;
				GCC_WARN_UNUSED_VARIABLE = YES;
				IPHONEOS_DEPLOYMENT_TARGET = 13.2;
				MTL_ENABLE_DEBUG_INFO = NO;
				MTL_FAST_MATH = YES;
				SDKROOT = iphoneos;
				SWIFT_COMPILATION_MODE = wholemodule;
				SWIFT_OPTIMIZATION_LEVEL = "-O";
				VALIDATE_PRODUCT = YES;
			};
			name = Release;
		};
		8008AEE8243D7B37003A1479 /* Debug */ = {
			isa = XCBuildConfiguration;
			baseConfigurationReference = 2E719D2135475E91B15CAEBC /* Pods-MycomaniaV2.debug.xcconfig */;
			buildSettings = {
				ASSETCATALOG_COMPILER_APPICON_NAME = AppIcon;
				CODE_SIGN_STYLE = Automatic;
				DEVELOPMENT_TEAM = P547T297G7;
				INFOPLIST_FILE = MycomaniaV2/Info.plist;
				LD_RUNPATH_SEARCH_PATHS = (
					"$(inherited)",
					"@executable_path/Frameworks",
				);
				PRODUCT_BUNDLE_IDENTIFIER = com.MaitreeBain.MycomaniaV2;
				PRODUCT_NAME = "$(TARGET_NAME)";
				SWIFT_VERSION = 5.0;
				TARGETED_DEVICE_FAMILY = "1,2";
			};
			name = Debug;
		};
		8008AEE9243D7B37003A1479 /* Release */ = {
			isa = XCBuildConfiguration;
			baseConfigurationReference = F8CE23F1AC9605BA63E870E0 /* Pods-MycomaniaV2.release.xcconfig */;
			buildSettings = {
				ASSETCATALOG_COMPILER_APPICON_NAME = AppIcon;
				CODE_SIGN_STYLE = Automatic;
				DEVELOPMENT_TEAM = P547T297G7;
				INFOPLIST_FILE = MycomaniaV2/Info.plist;
				LD_RUNPATH_SEARCH_PATHS = (
					"$(inherited)",
					"@executable_path/Frameworks",
				);
				PRODUCT_BUNDLE_IDENTIFIER = com.MaitreeBain.MycomaniaV2;
				PRODUCT_NAME = "$(TARGET_NAME)";
				SWIFT_VERSION = 5.0;
				TARGETED_DEVICE_FAMILY = "1,2";
			};
			name = Release;
		};
		8008AEEB243D7B37003A1479 /* Debug */ = {
			isa = XCBuildConfiguration;
			baseConfigurationReference = E711414CAE64E63764587826 /* Pods-MycomaniaV2Tests.debug.xcconfig */;
			buildSettings = {
				ALWAYS_EMBED_SWIFT_STANDARD_LIBRARIES = YES;
				BUNDLE_LOADER = "$(TEST_HOST)";
				CODE_SIGN_STYLE = Automatic;
				DEVELOPMENT_TEAM = P547T297G7;
				INFOPLIST_FILE = MycomaniaV2Tests/Info.plist;
				IPHONEOS_DEPLOYMENT_TARGET = 13.2;
				LD_RUNPATH_SEARCH_PATHS = (
					"$(inherited)",
					"@executable_path/Frameworks",
					"@loader_path/Frameworks",
				);
				PRODUCT_BUNDLE_IDENTIFIER = com.MaitreeBain.MycomaniaV2Tests;
				PRODUCT_NAME = "$(TARGET_NAME)";
				SWIFT_VERSION = 5.0;
				TARGETED_DEVICE_FAMILY = "1,2";
				TEST_HOST = "$(BUILT_PRODUCTS_DIR)/MycomaniaV2.app/MycomaniaV2";
			};
			name = Debug;
		};
		8008AEEC243D7B37003A1479 /* Release */ = {
			isa = XCBuildConfiguration;
			baseConfigurationReference = 95B8A25214DCAA99F5687D82 /* Pods-MycomaniaV2Tests.release.xcconfig */;
			buildSettings = {
				ALWAYS_EMBED_SWIFT_STANDARD_LIBRARIES = YES;
				BUNDLE_LOADER = "$(TEST_HOST)";
				CODE_SIGN_STYLE = Automatic;
				DEVELOPMENT_TEAM = P547T297G7;
				INFOPLIST_FILE = MycomaniaV2Tests/Info.plist;
				IPHONEOS_DEPLOYMENT_TARGET = 13.2;
				LD_RUNPATH_SEARCH_PATHS = (
					"$(inherited)",
					"@executable_path/Frameworks",
					"@loader_path/Frameworks",
				);
				PRODUCT_BUNDLE_IDENTIFIER = com.MaitreeBain.MycomaniaV2Tests;
				PRODUCT_NAME = "$(TARGET_NAME)";
				SWIFT_VERSION = 5.0;
				TARGETED_DEVICE_FAMILY = "1,2";
				TEST_HOST = "$(BUILT_PRODUCTS_DIR)/MycomaniaV2.app/MycomaniaV2";
			};
			name = Release;
		};
/* End XCBuildConfiguration section */

/* Begin XCConfigurationList section */
		8008AEC3243D7B36003A1479 /* Build configuration list for PBXProject "MycomaniaV2" */ = {
			isa = XCConfigurationList;
			buildConfigurations = (
				8008AEE5243D7B37003A1479 /* Debug */,
				8008AEE6243D7B37003A1479 /* Release */,
			);
			defaultConfigurationIsVisible = 0;
			defaultConfigurationName = Release;
		};
		8008AEE7243D7B37003A1479 /* Build configuration list for PBXNativeTarget "MycomaniaV2" */ = {
			isa = XCConfigurationList;
			buildConfigurations = (
				8008AEE8243D7B37003A1479 /* Debug */,
				8008AEE9243D7B37003A1479 /* Release */,
			);
			defaultConfigurationIsVisible = 0;
			defaultConfigurationName = Release;
		};
		8008AEEA243D7B37003A1479 /* Build configuration list for PBXNativeTarget "MycomaniaV2Tests" */ = {
			isa = XCConfigurationList;
			buildConfigurations = (
				8008AEEB243D7B37003A1479 /* Debug */,
				8008AEEC243D7B37003A1479 /* Release */,
			);
			defaultConfigurationIsVisible = 0;
			defaultConfigurationName = Release;
		};
/* End XCConfigurationList section */
	};
	rootObject = 8008AEC0243D7B36003A1479 /* Project object */;
}
